
Microsoft Visual Studio Solution File, Format Version 12.00
# Visual Studio Version 17
VisualStudioVersion = 17.1.32407.343
MinimumVisualStudioVersion = 10.0.40219.1
Project("{9A19103F-16F7-4668-BE54-9A1E7A4F7556}") = "mongoApp", "mongoApp.csproj", "{9EC2A6E3-B028-4E9A-B3F7-FEBF828BD14C}"
EndProject
Project("{9A19103F-16F7-4668-BE54-9A1E7A4F7556}") = "DBlibrary", "..\DBlibrary\DBlibrary.csproj", "{61BF715A-F212-4538-9AC8-51DAAE41C2A7}"
EndProject
Global
	GlobalSection(SolutionConfigurationPlatforms) = preSolution
		Debug|Any CPU = Debug|Any CPU
		Release|Any CPU = Release|Any CPU
	EndGlobalSection
	GlobalSection(ProjectConfigurationPlatforms) = postSolution
		{9EC2A6E3-B028-4E9A-B3F7-FEBF828BD14C}.Debug|Any CPU.ActiveCfg = Debug|Any CPU
		{9EC2A6E3-B028-4E9A-B3F7-FEBF828BD14C}.Debug|Any CPU.Build.0 = Debug|Any CPU
		{9EC2A6E3-B028-4E9A-B3F7-FEBF828BD14C}.Release|Any CPU.ActiveCfg = Release|Any CPU
		{9EC2A6E3-B028-4E9A-B3F7-FEBF828BD14C}.Release|Any CPU.Build.0 = Release|Any CPU
		{61BF715A-F212-4538-9AC8-51DAAE41C2A7}.Debug|Any CPU.ActiveCfg = Debug|Any CPU
		{61BF715A-F212-4538-9AC8-51DAAE41C2A7}.Debug|Any CPU.Build.0 = Debug|Any CPU
		{61BF715A-F212-4538-9AC8-51DAAE41C2A7}.Release|Any CPU.ActiveCfg = Release|Any CPU
		{61BF715A-F212-4538-9AC8-51DAAE41C2A7}.Release|Any CPU.Build.0 = Release|Any CPU
	EndGlobalSection
	GlobalSection(SolutionProperties) = preSolution
		HideSolutionNode = FALSE
	EndGlobalSection
	GlobalSection(ExtensibilityGlobals) = postSolution
		SolutionGuid = {8F655BD4-4630-4D84-9A8D-A55869680758}
	EndGlobalSection
EndGlobal
