
Microsoft Visual Studio Solution File, Format Version 12.00
# Visual Studio Version 17
VisualStudioVersion = 17.0.32014.148
MinimumVisualStudioVersion = 10.0.40219.1
Project("{FAE04EC0-301F-11D3-BF4B-00C04F79EFBC}") = "MyMVCApplication", "MyMVCApplication.csproj", "{61876166-CE76-4F3E-9FB3-0FCEBB93382B}"
EndProject
Global
	GlobalSection(SolutionConfigurationPlatforms) = preSolution
		Debug|Any CPU = Debug|Any CPU
		Release|Any CPU = Release|Any CPU
	EndGlobalSection
	GlobalSection(ProjectConfigurationPlatforms) = postSolution
		{61876166-CE76-4F3E-9FB3-0FCEBB93382B}.Debug|Any CPU.ActiveCfg = Debug|Any CPU
		{61876166-CE76-4F3E-9FB3-0FCEBB93382B}.Debug|Any CPU.Build.0 = Debug|Any CPU
		{61876166-CE76-4F3E-9FB3-0FCEBB93382B}.Release|Any CPU.ActiveCfg = Release|Any CPU
		{61876166-CE76-4F3E-9FB3-0FCEBB93382B}.Release|Any CPU.Build.0 = Release|Any CPU
	EndGlobalSection
	GlobalSection(SolutionProperties) = preSolution
		HideSolutionNode = FALSE
	EndGlobalSection
	GlobalSection(ExtensibilityGlobals) = postSolution
		SolutionGuid = {9E5BF57D-2964-44A6-A03A-275AC4B674B9}
	EndGlobalSection
EndGlobal
